
Microsoft Visual Studio Solution File, Format Version 12.00
# Visual Studio Version 17
VisualStudioVersion = 17.3.32922.545
MinimumVisualStudioVersion = 10.0.40219.1
Project("{FAE04EC0-301F-11D3-BF4B-00C04F79EFBC}") = "TemaCriptografie", "TemaCriptografie.csproj", "{6D75076E-AE11-4E20-A231-17AE67E494F8}"
EndProject
Global
	GlobalSection(SolutionConfigurationPlatforms) = preSolution
		Debug|Any CPU = Debug|Any CPU
		Release|Any CPU = Release|Any CPU
	EndGlobalSection
	GlobalSection(ProjectConfigurationPlatforms) = postSolution
		{6D75076E-AE11-4E20-A231-17AE67E494F8}.Debug|Any CPU.ActiveCfg = Debug|Any CPU
		{6D75076E-AE11-4E20-A231-17AE67E494F8}.Debug|Any CPU.Build.0 = Debug|Any CPU
		{6D75076E-AE11-4E20-A231-17AE67E494F8}.Release|Any CPU.ActiveCfg = Release|Any CPU
		{6D75076E-AE11-4E20-A231-17AE67E494F8}.Release|Any CPU.Build.0 = Release|Any CPU
	EndGlobalSection
	GlobalSection(SolutionProperties) = preSolution
		HideSolutionNode = FALSE
	EndGlobalSection
	GlobalSection(ExtensibilityGlobals) = postSolution
		SolutionGuid = {5961C09A-B0A1-402F-880D-7B2F3E849FE5}
	EndGlobalSection
EndGlobal
